<?xml version="1.0" encoding="utf-8"?>
<Project ToolsVersion="4.0" xmlns="http://schemas.microsoft.com/developer/msbuild/2003">
  <ItemGroup>
    <ClCompile Include="DrunkMinerOwnedStates.cpp">
      <Filter>Source Files</Filter>
    </ClCompile>
    <ClCompile Include="main.cpp">
      <Filter>Source Files</Filter>
    </ClCompile>
    <ClCompile Include="BaseGameEntity.cpp">
      <Filter>Source Files</Filter>
    </ClCompile>
    <ClCompile Include="DrunkMiner.cpp">
      <Filter>Source Files</Filter>
    </ClCompile>
    <ClCompile Include="Miner.cpp">
      <Filter>Source Files</Filter>
    </ClCompile>
    <ClCompile Include="MinerOwnedStates.cpp">
      <Filter>Source Files</Filter>
    </ClCompile>
    <ClCompile Include="MinersWife.cpp">
      <Filter>Source Files</Filter>
    </ClCompile>
    <ClCompile Include="MinersWifeOwnedStates.cpp">
      <Filter>Source Files</Filter>
    </ClCompile>
    <ClCompile Include="EntityManager.cpp">
      <Filter>Source Files</Filter>
    </ClCompile>
    <ClCompile Include="MessageDispatcher.cpp">
      <Filter>Source Files</Filter>
    </ClCompile>
    <ClCompile Include="CrudeTimer.cpp">
      <Filter>Source Files</Filter>
    </ClCompile>
  </ItemGroup>
  <ItemGroup>
    <ClInclude Include="DrunkMinerOwnedStates.h">
      <Filter>Headers Files</Filter>
    </ClInclude>
    <ClInclude Include="BaseGameEntity.h">
      <Filter>Headers Files</Filter>
    </ClInclude>
    <ClInclude Include="ConsoleUtils.h">
      <Filter>Headers Files</Filter>
    </ClInclude>
    <ClInclude Include="DrunkMiner.h">
      <Filter>Headers Files</Filter>
    </ClInclude>
    <ClInclude Include="EntityNames.h">
      <Filter>Headers Files</Filter>
    </ClInclude>
    <ClInclude Include="Locations.h">
      <Filter>Headers Files</Filter>
    </ClInclude>
    <ClInclude Include="Miner.h">
      <Filter>Headers Files</Filter>
    </ClInclude>
    <ClInclude Include="MinerOwnedStates.h">
      <Filter>Headers Files</Filter>
    </ClInclude>
    <ClInclude Include="MinersWife.h">
      <Filter>Headers Files</Filter>
    </ClInclude>
    <ClInclude Include="MinersWifeOwnedStates.h">
      <Filter>Headers Files</Filter>
    </ClInclude>
    <ClInclude Include="State.h">
      <Filter>Headers Files</Filter>
    </ClInclude>
    <ClInclude Include="StateMachine.h">
      <Filter>Headers Files</Filter>
    </ClInclude>
    <ClInclude Include="utils.h">
      <Filter>Headers Files</Filter>
    </ClInclude>
    <ClInclude Include="EntityManager.h">
      <Filter>Headers Files</Filter>
    </ClInclude>
    <ClInclude Include="MessageDispatcher.h">
      <Filter>Headers Files</Filter>
    </ClInclude>
    <ClInclude Include="MessageTypes.h">
      <Filter>Headers Files</Filter>
    </ClInclude>
    <ClInclude Include="Telegram.h">
      <Filter>Headers Files</Filter>
    </ClInclude>
    <ClInclude Include="CrudeTimer.h">
      <Filter>Headers Files</Filter>
    </ClInclude>
    <ClInclude Include="Button.h">
      <Filter>Headers Files</Filter>
    </ClInclude>
  </ItemGroup>
  <ItemGroup>
    <Filter Include="Headers Files">
      <UniqueIdentifier>{7aef9615-736d-4cbf-82a4-058457b3a22e}</UniqueIdentifier>
    </Filter>
    <Filter Include="Source Files">
      <UniqueIdentifier>{25061d94-2eef-4c67-a349-8fa28fca7839}</UniqueIdentifier>
    </Filter>
  </ItemGroup>
</Project>